// !$*UTF8*$!
{
	archiveVersion = 1;
	classes = {
	};
	objectVersion = 46;
	objects = {

/* Begin PBXBuildFile section */
		EAC3D47D188D42D700772D24 /* Foundation.framework in Frameworks */ = {isa = PBXBuildFile; fileRef = EAC3D47C188D42D700772D24 /* Foundation.framework */; };
		EAC3D47F188D42D700772D24 /* CoreGraphics.framework in Frameworks */ = {isa = PBXBuildFile; fileRef = EAC3D47E188D42D700772D24 /* CoreGraphics.framework */; };
		EAC3D481188D42D700772D24 /* UIKit.framework in Frameworks */ = {isa = PBXBuildFile; fileRef = EAC3D480188D42D700772D24 /* UIKit.framework */; };
		EAC3D483188D42D700772D24 /* CoreData.framework in Frameworks */ = {isa = PBXBuildFile; fileRef = EAC3D482188D42D700772D24 /* CoreData.framework */; };
		EAC3D489188D42D700772D24 /* InfoPlist.strings in Resources */ = {isa = PBXBuildFile; fileRef = EAC3D487188D42D700772D24 /* InfoPlist.strings */; };
		EAC3D48B188D42D700772D24 /* main.m in Sources */ = {isa = PBXBuildFile; fileRef = EAC3D48A188D42D700772D24 /* main.m */; };
		EAC3D48F188D42D700772D24 /* RPAppDelegate.m in Sources */ = {isa = PBXBuildFile; fileRef = EAC3D48E188D42D700772D24 /* RPAppDelegate.m */; };
		EAC3D492188D42D700772D24 /* Main.storyboard in Resources */ = {isa = PBXBuildFile; fileRef = EAC3D490188D42D700772D24 /* Main.storyboard */; };
		EAC3D495188D42D700772D24 /* RetroPilot.xcdatamodeld in Sources */ = {isa = PBXBuildFile; fileRef = EAC3D493188D42D700772D24 /* RetroPilot.xcdatamodeld */; };
		EAC3D498188D42D700772D24 /* RPMasterViewController.m in Sources */ = {isa = PBXBuildFile; fileRef = EAC3D497188D42D700772D24 /* RPMasterViewController.m */; };
		EAC3D49B188D42D700772D24 /* RPDetailViewController.m in Sources */ = {isa = PBXBuildFile; fileRef = EAC3D49A188D42D700772D24 /* RPDetailViewController.m */; };
		EAC3D49D188D42D700772D24 /* Images.xcassets in Resources */ = {isa = PBXBuildFile; fileRef = EAC3D49C188D42D700772D24 /* Images.xcassets */; };
		EAC3D4A4188D42D700772D24 /* XCTest.framework in Frameworks */ = {isa = PBXBuildFile; fileRef = EAC3D4A3188D42D700772D24 /* XCTest.framework */; };
		EAC3D4A5188D42D700772D24 /* Foundation.framework in Frameworks */ = {isa = PBXBuildFile; fileRef = EAC3D47C188D42D700772D24 /* Foundation.framework */; };
		EAC3D4A6188D42D700772D24 /* UIKit.framework in Frameworks */ = {isa = PBXBuildFile; fileRef = EAC3D480188D42D700772D24 /* UIKit.framework */; };
		EAC3D4A7188D42D700772D24 /* CoreData.framework in Frameworks */ = {isa = PBXBuildFile; fileRef = EAC3D482188D42D700772D24 /* CoreData.framework */; };
		EAC3D4AF188D42D700772D24 /* InfoPlist.strings in Resources */ = {isa = PBXBuildFile; fileRef = EAC3D4AD188D42D700772D24 /* InfoPlist.strings */; };
		EAC3D4B1188D42D700772D24 /* RetroPilotTests.m in Sources */ = {isa = PBXBuildFile; fileRef = EAC3D4B0188D42D700772D24 /* RetroPilotTests.m */; };
/* End PBXBuildFile section */

/* Begin PBXContainerItemProxy section */
		EAC3D4A8188D42D700772D24 /* PBXContainerItemProxy */ = {
			isa = PBXContainerItemProxy;
			containerPortal = EAC3D471188D42D700772D24 /* Project object */;
			proxyType = 1;
			remoteGlobalIDString = EAC3D478188D42D700772D24;
			remoteInfo = RetroPilot;
		};
/* End PBXContainerItemProxy section */

/* Begin PBXFileReference section */
		EAC3D479188D42D700772D24 /* RetroPilot.app */ = {isa = PBXFileReference; explicitFileType = wrapper.application; includeInIndex = 0; path = RetroPilot.app; sourceTree = BUILT_PRODUCTS_DIR; };
		EAC3D47C188D42D700772D24 /* Foundation.framework */ = {isa = PBXFileReference; lastKnownFileType = wrapper.framework; name = Foundation.framework; path = System/Library/Frameworks/Foundation.framework; sourceTree = SDKROOT; };
		EAC3D47E188D42D700772D24 /* CoreGraphics.framework */ = {isa = PBXFileReference; lastKnownFileType = wrapper.framework; name = CoreGraphics.framework; path = System/Library/Frameworks/CoreGraphics.framework; sourceTree = SDKROOT; };
		EAC3D480188D42D700772D24 /* UIKit.framework */ = {isa = PBXFileReference; lastKnownFileType = wrapper.framework; name = UIKit.framework; path = System/Library/Frameworks/UIKit.framework; sourceTree = SDKROOT; };
		EAC3D482188D42D700772D24 /* CoreData.framework */ = {isa = PBXFileReference; lastKnownFileType = wrapper.framework; name = CoreData.framework; path = System/Library/Frameworks/CoreData.framework; sourceTree = SDKROOT; };
		EAC3D486188D42D700772D24 /* RetroPilot-Info.plist */ = {isa = PBXFileReference; lastKnownFileType = text.plist.xml; path = "RetroPilot-Info.plist"; sourceTree = "<group>"; };
		EAC3D488188D42D700772D24 /* en */ = {isa = PBXFileReference; lastKnownFileType = text.plist.strings; name = en; path = en.lproj/InfoPlist.strings; sourceTree = "<group>"; };
		EAC3D48A188D42D700772D24 /* main.m */ = {isa = PBXFileReference; lastKnownFileType = sourcecode.c.objc; path = main.m; sourceTree = "<group>"; };
		EAC3D48C188D42D700772D24 /* RetroPilot-Prefix.pch */ = {isa = PBXFileReference; lastKnownFileType = sourcecode.c.h; path = "RetroPilot-Prefix.pch"; sourceTree = "<group>"; };
		EAC3D48D188D42D700772D24 /* RPAppDelegate.h */ = {isa = PBXFileReference; lastKnownFileType = sourcecode.c.h; path = RPAppDelegate.h; sourceTree = "<group>"; };
		EAC3D48E188D42D700772D24 /* RPAppDelegate.m */ = {isa = PBXFileReference; lastKnownFileType = sourcecode.c.objc; path = RPAppDelegate.m; sourceTree = "<group>"; };
		EAC3D491188D42D700772D24 /* Base */ = {isa = PBXFileReference; lastKnownFileType = file.storyboard; name = Base; path = Base.lproj/Main.storyboard; sourceTree = "<group>"; };
		EAC3D494188D42D700772D24 /* RetroPilot.xcdatamodel */ = {isa = PBXFileReference; lastKnownFileType = wrapper.xcdatamodel; path = RetroPilot.xcdatamodel; sourceTree = "<group>"; };
		EAC3D496188D42D700772D24 /* RPMasterViewController.h */ = {isa = PBXFileReference; lastKnownFileType = sourcecode.c.h; path = RPMasterViewController.h; sourceTree = "<group>"; };
		EAC3D497188D42D700772D24 /* RPMasterViewController.m */ = {isa = PBXFileReference; lastKnownFileType = sourcecode.c.objc; path = RPMasterViewController.m; sourceTree = "<group>"; };
		EAC3D499188D42D700772D24 /* RPDetailViewController.h */ = {isa = PBXFileReference; lastKnownFileType = sourcecode.c.h; path = RPDetailViewController.h; sourceTree = "<group>"; };
		EAC3D49A188D42D700772D24 /* RPDetailViewController.m */ = {isa = PBXFileReference; lastKnownFileType = sourcecode.c.objc; path = RPDetailViewController.m; sourceTree = "<group>"; };
		EAC3D49C188D42D700772D24 /* Images.xcassets */ = {isa = PBXFileReference; lastKnownFileType = folder.assetcatalog; path = Images.xcassets; sourceTree = "<group>"; };
		EAC3D4A2188D42D700772D24 /* RetroPilotTests.xctest */ = {isa = PBXFileReference; explicitFileType = wrapper.cfbundle; includeInIndex = 0; path = RetroPilotTests.xctest; sourceTree = BUILT_PRODUCTS_DIR; };
		EAC3D4A3188D42D700772D24 /* XCTest.framework */ = {isa = PBXFileReference; lastKnownFileType = wrapper.framework; name = XCTest.framework; path = Library/Frameworks/XCTest.framework; sourceTree = DEVELOPER_DIR; };
		EAC3D4AC188D42D700772D24 /* RetroPilotTests-Info.plist */ = {isa = PBXFileReference; lastKnownFileType = text.plist.xml; path = "RetroPilotTests-Info.plist"; sourceTree = "<group>"; };
		EAC3D4AE188D42D700772D24 /* en */ = {isa = PBXFileReference; lastKnownFileType = text.plist.strings; name = en; path = en.lproj/InfoPlist.strings; sourceTree = "<group>"; };
		EAC3D4B0188D42D700772D24 /* RetroPilotTests.m */ = {isa = PBXFileReference; lastKnownFileType = sourcecode.c.objc; path = RetroPilotTests.m; sourceTree = "<group>"; };
/* End PBXFileReference section */

/* Begin PBXFrameworksBuildPhase section */
		EAC3D476188D42D700772D24 /* Frameworks */ = {
			isa = PBXFrameworksBuildPhase;
			buildActionMask = 2147483647;
			files = (
				EAC3D47F188D42D700772D24 /* CoreGraphics.framework in Frameworks */,
				EAC3D483188D42D700772D24 /* CoreData.framework in Frameworks */,
				EAC3D481188D42D700772D24 /* UIKit.framework in Frameworks */,
				EAC3D47D188D42D700772D24 /* Foundation.framework in Frameworks */,
			);
			runOnlyForDeploymentPostprocessing = 0;
		};
		EAC3D49F188D42D700772D24 /* Frameworks */ = {
			isa = PBXFrameworksBuildPhase;
			buildActionMask = 2147483647;
			files = (
				EAC3D4A4188D42D700772D24 /* XCTest.framework in Frameworks */,
				EAC3D4A7188D42D700772D24 /* CoreData.framework in Frameworks */,
				EAC3D4A6188D42D700772D24 /* UIKit.framework in Frameworks */,
				EAC3D4A5188D42D700772D24 /* Foundation.framework in Frameworks */,
			);
			runOnlyForDeploymentPostprocessing = 0;
		};
/* End PBXFrameworksBuildPhase section */

/* Begin PBXGroup section */
		EAC3D470188D42D700772D24 = {
			isa = PBXGroup;
			children = (
				EAC3D484188D42D700772D24 /* RetroPilot */,
				EAC3D4AA188D42D700772D24 /* RetroPilotTests */,
				EAC3D47B188D42D700772D24 /* Frameworks */,
				EAC3D47A188D42D700772D24 /* Products */,
			);
			sourceTree = "<group>";
		};
		EAC3D47A188D42D700772D24 /* Products */ = {
			isa = PBXGroup;
			children = (
				EAC3D479188D42D700772D24 /* RetroPilot.app */,
				EAC3D4A2188D42D700772D24 /* RetroPilotTests.xctest */,
			);
			name = Products;
			sourceTree = "<group>";
		};
		EAC3D47B188D42D700772D24 /* Frameworks */ = {
			isa = PBXGroup;
			children = (
				EAC3D47C188D42D700772D24 /* Foundation.framework */,
				EAC3D47E188D42D700772D24 /* CoreGraphics.framework */,
				EAC3D480188D42D700772D24 /* UIKit.framework */,
				EAC3D482188D42D700772D24 /* CoreData.framework */,
				EAC3D4A3188D42D700772D24 /* XCTest.framework */,
			);
			name = Frameworks;
			sourceTree = "<group>";
		};
		EAC3D484188D42D700772D24 /* RetroPilot */ = {
			isa = PBXGroup;
			children = (
				EAC3D48D188D42D700772D24 /* RPAppDelegate.h */,
				EAC3D48E188D42D700772D24 /* RPAppDelegate.m */,
				EAC3D490188D42D700772D24 /* Main.storyboard */,
				EAC3D496188D42D700772D24 /* RPMasterViewController.h */,
				EAC3D497188D42D700772D24 /* RPMasterViewController.m */,
				EAC3D499188D42D700772D24 /* RPDetailViewController.h */,
				EAC3D49A188D42D700772D24 /* RPDetailViewController.m */,
				EAC3D49C188D42D700772D24 /* Images.xcassets */,
				EAC3D493188D42D700772D24 /* RetroPilot.xcdatamodeld */,
				EAC3D485188D42D700772D24 /* Supporting Files */,
			);
			path = RetroPilot;
			sourceTree = "<group>";
		};
		EAC3D485188D42D700772D24 /* Supporting Files */ = {
			isa = PBXGroup;
			children = (
				EAC3D486188D42D700772D24 /* RetroPilot-Info.plist */,
				EAC3D487188D42D700772D24 /* InfoPlist.strings */,
				EAC3D48A188D42D700772D24 /* main.m */,
				EAC3D48C188D42D700772D24 /* RetroPilot-Prefix.pch */,
			);
			name = "Supporting Files";
			sourceTree = "<group>";
		};
		EAC3D4AA188D42D700772D24 /* RetroPilotTests */ = {
			isa = PBXGroup;
			children = (
				EAC3D4B0188D42D700772D24 /* RetroPilotTests.m */,
				EAC3D4AB188D42D700772D24 /* Supporting Files */,
			);
			path = RetroPilotTests;
			sourceTree = "<group>";
		};
		EAC3D4AB188D42D700772D24 /* Supporting Files */ = {
			isa = PBXGroup;
			children = (
				EAC3D4AC188D42D700772D24 /* RetroPilotTests-Info.plist */,
				EAC3D4AD188D42D700772D24 /* InfoPlist.strings */,
			);
			name = "Supporting Files";
			sourceTree = "<group>";
		};
/* End PBXGroup section */

/* Begin PBXNativeTarget section */
		EAC3D478188D42D700772D24 /* RetroPilot */ = {
			isa = PBXNativeTarget;
			buildConfigurationList = EAC3D4B4188D42D700772D24 /* Build configuration list for PBXNativeTarget "RetroPilot" */;
			buildPhases = (
				EAC3D475188D42D700772D24 /* Sources */,
				EAC3D476188D42D700772D24 /* Frameworks */,
				EAC3D477188D42D700772D24 /* Resources */,
			);
			buildRules = (
			);
			dependencies = (
			);
			name = RetroPilot;
			productName = RetroPilot;
			productReference = EAC3D479188D42D700772D24 /* RetroPilot.app */;
			productType = "com.apple.product-type.application";
		};
		EAC3D4A1188D42D700772D24 /* RetroPilotTests */ = {
			isa = PBXNativeTarget;
			buildConfigurationList = EAC3D4B7188D42D700772D24 /* Build configuration list for PBXNativeTarget "RetroPilotTests" */;
			buildPhases = (
				EAC3D49E188D42D700772D24 /* Sources */,
				EAC3D49F188D42D700772D24 /* Frameworks */,
				EAC3D4A0188D42D700772D24 /* Resources */,
			);
			buildRules = (
			);
			dependencies = (
				EAC3D4A9188D42D700772D24 /* PBXTargetDependency */,
			);
			name = RetroPilotTests;
			productName = RetroPilotTests;
			productReference = EAC3D4A2188D42D700772D24 /* RetroPilotTests.xctest */;
			productType = "com.apple.product-type.bundle.unit-test";
		};
/* End PBXNativeTarget section */

/* Begin PBXProject section */
		EAC3D471188D42D700772D24 /* Project object */ = {
			isa = PBXProject;
			attributes = {
				CLASSPREFIX = RP;
				LastUpgradeCheck = 0500;
				ORGANIZATIONNAME = "Cegeka NV";
				TargetAttributes = {
					EAC3D478188D42D700772D24 = {
						DevelopmentTeam = 2JE355KLMS;
					};
					EAC3D4A1188D42D700772D24 = {
						TestTargetID = EAC3D478188D42D700772D24;
					};
				};
			};
			buildConfigurationList = EAC3D474188D42D700772D24 /* Build configuration list for PBXProject "RetroPilot" */;
			compatibilityVersion = "Xcode 3.2";
			developmentRegion = English;
			hasScannedForEncodings = 0;
			knownRegions = (
				en,
				Base,
			);
			mainGroup = EAC3D470188D42D700772D24;
			productRefGroup = EAC3D47A188D42D700772D24 /* Products */;
			projectDirPath = "";
			projectRoot = "";
			targets = (
				EAC3D478188D42D700772D24 /* RetroPilot */,
				EAC3D4A1188D42D700772D24 /* RetroPilotTests */,
			);
		};
/* End PBXProject section */

/* Begin PBXResourcesBuildPhase section */
		EAC3D477188D42D700772D24 /* Resources */ = {
			isa = PBXResourcesBuildPhase;
			buildActionMask = 2147483647;
			files = (
				EAC3D49D188D42D700772D24 /* Images.xcassets in Resources */,
				EAC3D489188D42D700772D24 /* InfoPlist.strings in Resources */,
				EAC3D492188D42D700772D24 /* Main.storyboard in Resources */,
			);
			runOnlyForDeploymentPostprocessing = 0;
		};
		EAC3D4A0188D42D700772D24 /* Resources */ = {
			isa = PBXResourcesBuildPhase;
			buildActionMask = 2147483647;
			files = (
				EAC3D4AF188D42D700772D24 /* InfoPlist.strings in Resources */,
			);
			runOnlyForDeploymentPostprocessing = 0;
		};
/* End PBXResourcesBuildPhase section */

/* Begin PBXSourcesBuildPhase section */
		EAC3D475188D42D700772D24 /* Sources */ = {
			isa = PBXSourcesBuildPhase;
			buildActionMask = 2147483647;
			files = (
				EAC3D498188D42D700772D24 /* RPMasterViewController.m in Sources */,
				EAC3D49B188D42D700772D24 /* RPDetailViewController.m in Sources */,
				EAC3D48F188D42D700772D24 /* RPAppDelegate.m in Sources */,
				EAC3D48B188D42D700772D24 /* main.m in Sources */,
				EAC3D495188D42D700772D24 /* RetroPilot.xcdatamodeld in Sources */,
			);
			runOnlyForDeploymentPostprocessing = 0;
		};
		EAC3D49E188D42D700772D24 /* Sources */ = {
			isa = PBXSourcesBuildPhase;
			buildActionMask = 2147483647;
			files = (
				EAC3D4B1188D42D700772D24 /* RetroPilotTests.m in Sources */,
			);
			runOnlyForDeploymentPostprocessing = 0;
		};
/* End PBXSourcesBuildPhase section */

/* Begin PBXTargetDependency section */
		EAC3D4A9188D42D700772D24 /* PBXTargetDependency */ = {
			isa = PBXTargetDependency;
			target = EAC3D478188D42D700772D24 /* RetroPilot */;
			targetProxy = EAC3D4A8188D42D700772D24 /* PBXContainerItemProxy */;
		};
/* End PBXTargetDependency section */

/* Begin PBXVariantGroup section */
		EAC3D487188D42D700772D24 /* InfoPlist.strings */ = {
			isa = PBXVariantGroup;
			children = (
				EAC3D488188D42D700772D24 /* en */,
			);
			name = InfoPlist.strings;
			sourceTree = "<group>";
		};
		EAC3D490188D42D700772D24 /* Main.storyboard */ = {
			isa = PBXVariantGroup;
			children = (
				EAC3D491188D42D700772D24 /* Base */,
			);
			name = Main.storyboard;
			sourceTree = "<group>";
		};
		EAC3D4AD188D42D700772D24 /* InfoPlist.strings */ = {
			isa = PBXVariantGroup;
			children = (
				EAC3D4AE188D42D700772D24 /* en */,
			);
			name = InfoPlist.strings;
			sourceTree = "<group>";
		};
/* End PBXVariantGroup section */

/* Begin XCBuildConfiguration section */
		EAC3D4B2188D42D700772D24 /* Debug */ = {
			isa = XCBuildConfiguration;
			buildSettings = {
				ALWAYS_SEARCH_USER_PATHS = NO;
				ARCHS = "$(ARCHS_STANDARD_INCLUDING_64_BIT)";
				CLANG_CXX_LANGUAGE_STANDARD = "gnu++0x";
				CLANG_CXX_LIBRARY = "libc++";
				CLANG_ENABLE_MODULES = YES;
				CLANG_ENABLE_OBJC_ARC = YES;
				CLANG_WARN_BOOL_CONVERSION = YES;
				CLANG_WARN_CONSTANT_CONVERSION = YES;
				CLANG_WARN_DIRECT_OBJC_ISA_USAGE = YES_ERROR;
				CLANG_WARN_EMPTY_BODY = YES;
				CLANG_WARN_ENUM_CONVERSION = YES;
				CLANG_WARN_INT_CONVERSION = YES;
				CLANG_WARN_OBJC_ROOT_CLASS = YES_ERROR;
				CLANG_WARN__DUPLICATE_METHOD_MATCH = YES;
				"CODE_SIGN_IDENTITY[sdk=iphoneos*]" = "iPhone Developer";
				COPY_PHASE_STRIP = NO;
				GCC_C_LANGUAGE_STANDARD = gnu99;
				GCC_DYNAMIC_NO_PIC = NO;
				GCC_OPTIMIZATION_LEVEL = 0;
				GCC_PREPROCESSOR_DEFINITIONS = (
					"DEBUG=1",
					"$(inherited)",
				);
				GCC_SYMBOLS_PRIVATE_EXTERN = NO;
				GCC_WARN_64_TO_32_BIT_CONVERSION = YES;
				GCC_WARN_ABOUT_RETURN_TYPE = YES_ERROR;
				GCC_WARN_UNDECLARED_SELECTOR = YES;
				GCC_WARN_UNINITIALIZED_AUTOS = YES;
				GCC_WARN_UNUSED_FUNCTION = YES;
				GCC_WARN_UNUSED_VARIABLE = YES;
				IPHONEOS_DEPLOYMENT_TARGET = 7.0;
				ONLY_ACTIVE_ARCH = YES;
				SDKROOT = iphoneos;
			};
			name = Debug;
		};
		EAC3D4B3188D42D700772D24 /* Release */ = {
			isa = XCBuildConfiguration;
			buildSettings = {
				ALWAYS_SEARCH_USER_PATHS = NO;
				ARCHS = "$(ARCHS_STANDARD_INCLUDING_64_BIT)";
				CLANG_CXX_LANGUAGE_STANDARD = "gnu++0x";
				CLANG_CXX_LIBRARY = "libc++";
				CLANG_ENABLE_MODULES = YES;
				CLANG_ENABLE_OBJC_ARC = YES;
				CLANG_WARN_BOOL_CONVERSION = YES;
				CLANG_WARN_CONSTANT_CONVERSION = YES;
				CLANG_WARN_DIRECT_OBJC_ISA_USAGE = YES_ERROR;
				CLANG_WARN_EMPTY_BODY = YES;
				CLANG_WARN_ENUM_CONVERSION = YES;
				CLANG_WARN_INT_CONVERSION = YES;
				CLANG_WARN_OBJC_ROOT_CLASS = YES_ERROR;
				CLANG_WARN__DUPLICATE_METHOD_MATCH = YES;
				"CODE_SIGN_IDENTITY[sdk=iphoneos*]" = "iPhone Developer";
				COPY_PHASE_STRIP = YES;
				ENABLE_NS_ASSERTIONS = NO;
				GCC_C_LANGUAGE_STANDARD = gnu99;
				GCC_WARN_64_TO_32_BIT_CONVERSION = YES;
				GCC_WARN_ABOUT_RETURN_TYPE = YES_ERROR;
				GCC_WARN_UNDECLARED_SELECTOR = YES;
				GCC_WARN_UNINITIALIZED_AUTOS = YES;
				GCC_WARN_UNUSED_FUNCTION = YES;
				GCC_WARN_UNUSED_VARIABLE = YES;
				IPHONEOS_DEPLOYMENT_TARGET = 7.0;
				SDKROOT = iphoneos;
				VALIDATE_PRODUCT = YES;
			};
			name = Release;
		};
		EAC3D4B5188D42D700772D24 /* Debug */ = {
			isa = XCBuildConfiguration;
			buildSettings = {
				ASSETCATALOG_COMPILER_APPICON_NAME = AppIcon;
				ASSETCATALOG_COMPILER_LAUNCHIMAGE_NAME = LaunchImage;
				CODE_SIGN_IDENTITY = "iPhone Developer";
				"CODE_SIGN_IDENTITY[sdk=iphoneos*]" = "iPhone Developer";
				GCC_PRECOMPILE_PREFIX_HEADER = YES;
				GCC_PREFIX_HEADER = "RetroPilot/RetroPilot-Prefix.pch";
				INFOPLIST_FILE = "RetroPilot/RetroPilot-Info.plist";
				PRODUCT_NAME = "$(TARGET_NAME)";
				PROVISIONING_PROFILE = "";
				WRAPPER_EXTENSION = app;
			};
			name = Debug;
		};
		EAC3D4B6188D42D700772D24 /* Release */ = {
			isa = XCBuildConfiguration;
			buildSettings = {
				ASSETCATALOG_COMPILER_APPICON_NAME = AppIcon;
				ASSETCATALOG_COMPILER_LAUNCHIMAGE_NAME = LaunchImage;
				CODE_SIGN_IDENTITY = "iPhone Developer";
				"CODE_SIGN_IDENTITY[sdk=iphoneos*]" = "iPhone Developer";
				GCC_PRECOMPILE_PREFIX_HEADER = YES;
				GCC_PREFIX_HEADER = "RetroPilot/RetroPilot-Prefix.pch";
				INFOPLIST_FILE = "RetroPilot/RetroPilot-Info.plist";
				PRODUCT_NAME = "$(TARGET_NAME)";
				PROVISIONING_PROFILE = "";
				WRAPPER_EXTENSION = app;
			};
			name = Release;
		};
		EAC3D4B8188D42D700772D24 /* Debug */ = {
			isa = XCBuildConfiguration;
			buildSettings = {
				ARCHS = "$(ARCHS_STANDARD_INCLUDING_64_BIT)";
				BUNDLE_LOADER = "$(BUILT_PRODUCTS_DIR)/RetroPilot.app/RetroPilot";
				FRAMEWORK_SEARCH_PATHS = (
					"$(SDKROOT)/Developer/Library/Frameworks",
					"$(inherited)",
					"$(DEVELOPER_FRAMEWORKS_DIR)",
				);
				GCC_PRECOMPILE_PREFIX_HEADER = YES;
				GCC_PREFIX_HEADER = "RetroPilot/RetroPilot-Prefix.pch";
				GCC_PREPROCESSOR_DEFINITIONS = (
					"DEBUG=1",
					"$(inherited)",
				);
				INFOPLIST_FILE = "RetroPilotTests/RetroPilotTests-Info.plist";
				PRODUCT_NAME = "$(TARGET_NAME)";
				TEST_HOST = "$(BUNDLE_LOADER)";
				WRAPPER_EXTENSION = xctest;
			};
			name = Debug;
		};
		EAC3D4B9188D42D700772D24 /* Release */ = {
			isa = XCBuildConfiguration;
			buildSettings = {
				ARCHS = "$(ARCHS_STANDARD_INCLUDING_64_BIT)";
				BUNDLE_LOADER = "$(BUILT_PRODUCTS_DIR)/RetroPilot.app/RetroPilot";
				FRAMEWORK_SEARCH_PATHS = (
					"$(SDKROOT)/Developer/Library/Frameworks",
					"$(inherited)",
					"$(DEVELOPER_FRAMEWORKS_DIR)",
				);
				GCC_PRECOMPILE_PREFIX_HEADER = YES;
				GCC_PREFIX_HEADER = "RetroPilot/RetroPilot-Prefix.pch";
				INFOPLIST_FILE = "RetroPilotTests/RetroPilotTests-Info.plist";
				PRODUCT_NAME = "$(TARGET_NAME)";
				TEST_HOST = "$(BUNDLE_LOADER)";
				WRAPPER_EXTENSION = xctest;
			};
			name = Release;
		};
/* End XCBuildConfiguration section */

/* Begin XCConfigurationList section */
		EAC3D474188D42D700772D24 /* Build configuration list for PBXProject "RetroPilot" */ = {
			isa = XCConfigurationList;
			buildConfigurations = (
				EAC3D4B2188D42D700772D24 /* Debug */,
				EAC3D4B3188D42D700772D24 /* Release */,
			);
			defaultConfigurationIsVisible = 0;
			defaultConfigurationName = Release;
		};
		EAC3D4B4188D42D700772D24 /* Build configuration list for PBXNativeTarget "RetroPilot" */ = {
			isa = XCConfigurationList;
			buildConfigurations = (
				EAC3D4B5188D42D700772D24 /* Debug */,
				EAC3D4B6188D42D700772D24 /* Release */,
			);
			defaultConfigurationIsVisible = 0;
			defaultConfigurationName = Release;
		};
		EAC3D4B7188D42D700772D24 /* Build configuration list for PBXNativeTarget "RetroPilotTests" */ = {
			isa = XCConfigurationList;
			buildConfigurations = (
				EAC3D4B8188D42D700772D24 /* Debug */,
				EAC3D4B9188D42D700772D24 /* Release */,
			);
			defaultConfigurationIsVisible = 0;
			defaultConfigurationName = Release;
		};
/* End XCConfigurationList section */

/* Begin XCVersionGroup section */
		EAC3D493188D42D700772D24 /* RetroPilot.xcdatamodeld */ = {
			isa = XCVersionGroup;
			children = (
				EAC3D494188D42D700772D24 /* RetroPilot.xcdatamodel */,
			);
			currentVersion = EAC3D494188D42D700772D24 /* RetroPilot.xcdatamodel */;
			path = RetroPilot.xcdatamodeld;
			sourceTree = "<group>";
			versionGroupType = wrapper.xcdatamodel;
		};
/* End XCVersionGroup section */
	};
	rootObject = EAC3D471188D42D700772D24 /* Project object */;
}
